
Microsoft Visual Studio Solution File, Format Version 12.00
# Visual Studio Version 17
VisualStudioVersion = 17.12.35309.182
MinimumVisualStudioVersion = 10.0.40219.1
Project("{FAE04EC0-301F-11D3-BF4B-00C04F79EFBC}") = "PhoneContacts", "PhoneContacts\PhoneContacts.csproj", "{B2AEAF3A-1F97-4088-9D5D-DF9BB3F9E95B}"
EndProject
Global
	GlobalSection(SolutionConfigurationPlatforms) = preSolution
		Debug|Any CPU = Debug|Any CPU
		Release|Any CPU = Release|Any CPU
	EndGlobalSection
	GlobalSection(ProjectConfigurationPlatforms) = postSolution
		{B2AEAF3A-1F97-4088-9D5D-DF9BB3F9E95B}.Debug|Any CPU.ActiveCfg = Debug|Any CPU
		{B2AEAF3A-1F97-4088-9D5D-DF9BB3F9E95B}.Debug|Any CPU.Build.0 = Debug|Any CPU
		{B2AEAF3A-1F97-4088-9D5D-DF9BB3F9E95B}.Release|Any CPU.ActiveCfg = Release|Any CPU
		{B2AEAF3A-1F97-4088-9D5D-DF9BB3F9E95B}.Release|Any CPU.Build.0 = Release|Any CPU
	EndGlobalSection
	GlobalSection(SolutionProperties) = preSolution
		HideSolutionNode = FALSE
	EndGlobalSection
	GlobalSection(ExtensibilityGlobals) = postSolution
		SolutionGuid = {960E3610-B9F2-43C1-A30C-D293F8291950}
	EndGlobalSection
EndGlobal
